github.com/egustafson/sandbox/go/package-dependency-workspace/pkgverlib v0.0.0-20220606211007-b61f1552767d h1:CnsADSWe0mpCS3BtqH69PqGHWXkvnKUNQvL1K/CTjkQ=
github.com/egustafson/sandbox/go/package-dependency-workspace/pkgverlib v0.0.0-20220606211007-b61f1552767d/go.mod h1:9j3J1edGRvaYfTJ3Jfe7+PeEEcV47XlDwIoKbjRF5kA=
