github.com/egustafson/sandbox/go/package-dependency-workspace/pkgverlib v0.0.0-20220606202411-c19fc35f28ac h1:MQ/N4NldRrDU1F2Y4QHp00ytZ7qo81AIMEaOwT0oOk0=
github.com/egustafson/sandbox/go/package-dependency-workspace/pkgverlib v0.0.0-20220606202411-c19fc35f28ac/go.mod h1:9j3J1edGRvaYfTJ3Jfe7+PeEEcV47XlDwIoKbjRF5kA=
